
Microsoft Visual Studio Solution File, Format Version 12.00
# Visual Studio Version 17
VisualStudioVersion = 17.0.31903.59
MinimumVisualStudioVersion = 10.0.40219.1
Project("{FAE04EC0-301F-11D3-BF4B-00C04F79EFBC}") = "Ravendarque.ClimbingCapacity.Web", "Ravendarque.ClimbingCapacity.Web\Ravendarque.ClimbingCapacity.Web.csproj", "{BE9C12EA-1637-446D-816B-5374C058382D}"
EndProject
Project("{FAE04EC0-301F-11D3-BF4B-00C04F79EFBC}") = "Ravendarque.ClimbingCapacity.Web.UnitTests", "Ravendarque.ClimbingCapacity.Web.UnitTests\Ravendarque.ClimbingCapacity.Web.UnitTests.csproj", "{3F004969-E7C5-43C6-824E-284B4BEE1973}"
EndProject
Global
	GlobalSection(SolutionConfigurationPlatforms) = preSolution
		Debug|Any CPU = Debug|Any CPU
		Release|Any CPU = Release|Any CPU
	EndGlobalSection
	GlobalSection(ProjectConfigurationPlatforms) = postSolution
		{BE9C12EA-1637-446D-816B-5374C058382D}.Debug|Any CPU.ActiveCfg = Debug|Any CPU
		{BE9C12EA-1637-446D-816B-5374C058382D}.Debug|Any CPU.Build.0 = Debug|Any CPU
		{BE9C12EA-1637-446D-816B-5374C058382D}.Release|Any CPU.ActiveCfg = Release|Any CPU
		{BE9C12EA-1637-446D-816B-5374C058382D}.Release|Any CPU.Build.0 = Release|Any CPU
		{3F004969-E7C5-43C6-824E-284B4BEE1973}.Debug|Any CPU.ActiveCfg = Debug|Any CPU
		{3F004969-E7C5-43C6-824E-284B4BEE1973}.Debug|Any CPU.Build.0 = Debug|Any CPU
		{3F004969-E7C5-43C6-824E-284B4BEE1973}.Release|Any CPU.ActiveCfg = Release|Any CPU
		{3F004969-E7C5-43C6-824E-284B4BEE1973}.Release|Any CPU.Build.0 = Release|Any CPU
	EndGlobalSection
	GlobalSection(SolutionProperties) = preSolution
		HideSolutionNode = FALSE
	EndGlobalSection
	GlobalSection(ExtensibilityGlobals) = postSolution
		SolutionGuid = {DEAD25ED-8B89-461B-9C52-8BA50BEFA390}
	EndGlobalSection
EndGlobal
